
Microsoft Visual Studio Solution File, Format Version 12.00
# Visual Studio Version 17
VisualStudioVersion = 17.8.34309.116
MinimumVisualStudioVersion = 10.0.40219.1
Project("{8BC9CEB8-8B4A-11D0-8D11-00A0C91BC942}") = "EnumProcessWay", "EnumProcessWay\EnumProcessWay.vcxproj", "{2B0503C7-6C0D-412C-970C-234F56686970}"
EndProject
Global
	GlobalSection(SolutionConfigurationPlatforms) = preSolution
		Debug|x64 = Debug|x64
		Debug|x86 = Debug|x86
		Release|x64 = Release|x64
		Release|x86 = Release|x86
	EndGlobalSection
	GlobalSection(ProjectConfigurationPlatforms) = postSolution
		{2B0503C7-6C0D-412C-970C-234F56686970}.Debug|x64.ActiveCfg = Debug|x64
		{2B0503C7-6C0D-412C-970C-234F56686970}.Debug|x64.Build.0 = Debug|x64
		{2B0503C7-6C0D-412C-970C-234F56686970}.Debug|x86.ActiveCfg = Debug|Win32
		{2B0503C7-6C0D-412C-970C-234F56686970}.Debug|x86.Build.0 = Debug|Win32
		{2B0503C7-6C0D-412C-970C-234F56686970}.Release|x64.ActiveCfg = Release|x64
		{2B0503C7-6C0D-412C-970C-234F56686970}.Release|x64.Build.0 = Release|x64
		{2B0503C7-6C0D-412C-970C-234F56686970}.Release|x86.ActiveCfg = Release|Win32
		{2B0503C7-6C0D-412C-970C-234F56686970}.Release|x86.Build.0 = Release|Win32
	EndGlobalSection
	GlobalSection(SolutionProperties) = preSolution
		HideSolutionNode = FALSE
	EndGlobalSection
	GlobalSection(ExtensibilityGlobals) = postSolution
		SolutionGuid = {9E4DFA03-1CC1-4D77-BF14-303BF4B92450}
	EndGlobalSection
EndGlobal
